// !$*UTF8*$!
{
	archiveVersion = 1;
	classes = {
	};
	objectVersion = 56;
	objects = {

/* Begin PBXBuildFile section */
		6501F2F32B9A381300A1469B /* OnChangeModifier.swift in Sources */ = {isa = PBXBuildFile; fileRef = 6501F2F22B9A381300A1469B /* OnChangeModifier.swift */; };
		6501F2F52B9A440D00A1469B /* OnReceiveModifier.swift in Sources */ = {isa = PBXBuildFile; fileRef = 6501F2F42B9A440D00A1469B /* OnReceiveModifier.swift */; };
		6501F2F72B9AA24800A1469B /* OnSubmitModifier.swift in Sources */ = {isa = PBXBuildFile; fileRef = 6501F2F62B9AA24800A1469B /* OnSubmitModifier.swift */; };
		6501F2FA2B9ABA3400A1469B /* AppStorage.swift in Sources */ = {isa = PBXBuildFile; fileRef = 6501F2F92B9ABA3400A1469B /* AppStorage.swift */; };
		6501F2FD2B9B7F2700A1469B /* SceneStorage.swift in Sources */ = {isa = PBXBuildFile; fileRef = 6501F2FC2B9B7F2700A1469B /* SceneStorage.swift */; };
		6541059D2B7C148600F87683 /* State.swift in Sources */ = {isa = PBXBuildFile; fileRef = 6541059C2B7C148600F87683 /* State.swift */; };
		654105B92B7DA7EE00F87683 /* CounterView.swift in Sources */ = {isa = PBXBuildFile; fileRef = 654105B82B7DA7EE00F87683 /* CounterView.swift */; };
		654105BB2B7EB4B200F87683 /* ResultBuilderExample.swift in Sources */ = {isa = PBXBuildFile; fileRef = 654105BA2B7EB4B100F87683 /* ResultBuilderExample.swift */; };
		6551016C2B6FD98B0097C093 /* SwiftUI_BootcampApp.swift in Sources */ = {isa = PBXBuildFile; fileRef = 6551016B2B6FD98B0097C093 /* SwiftUI_BootcampApp.swift */; };
		6551016E2B6FD98B0097C093 /* ContentView.swift in Sources */ = {isa = PBXBuildFile; fileRef = 6551016D2B6FD98B0097C093 /* ContentView.swift */; };
		655101702B6FD98F0097C093 /* Assets.xcassets in Resources */ = {isa = PBXBuildFile; fileRef = 6551016F2B6FD98F0097C093 /* Assets.xcassets */; };
		655101742B6FD98F0097C093 /* Preview Assets.xcassets in Resources */ = {isa = PBXBuildFile; fileRef = 655101732B6FD98F0097C093 /* Preview Assets.xcassets */; };
		6551017D2B6FDB680097C093 /* Readme.md in Resources */ = {isa = PBXBuildFile; fileRef = 6551017C2B6FDB680097C093 /* Readme.md */; };
		6551017F2B6FE4490097C093 /* LogPropertyWrapper.swift in Sources */ = {isa = PBXBuildFile; fileRef = 6551017E2B6FE4490097C093 /* LogPropertyWrapper.swift */; };
		657839392B8561A400D471AC /* ViewBuilder.swift in Sources */ = {isa = PBXBuildFile; fileRef = 657839382B8561A400D471AC /* ViewBuilder.swift */; };
		65A4C3F02B97DC9900AC6F59 /* ViewBuilderUsage.swift in Sources */ = {isa = PBXBuildFile; fileRef = 65A4C3EF2B97DC9900AC6F59 /* ViewBuilderUsage.swift */; };
		65B3A1BB2B8A930D004406B3 /* DebuggingSwiftUIViews.swift in Sources */ = {isa = PBXBuildFile; fileRef = 65B3A1BA2B8A930C004406B3 /* DebuggingSwiftUIViews.swift */; };
		65B3A1C92B8BDF57004406B3 /* OpaqueType.swift in Sources */ = {isa = PBXBuildFile; fileRef = 65B3A1C82B8BDF57004406B3 /* OpaqueType.swift */; };
		65B3A1D22B8D2A4B004406B3 /* WhatsAView.swift in Sources */ = {isa = PBXBuildFile; fileRef = 65B3A1D12B8D2A4B004406B3 /* WhatsAView.swift */; };
		65EAD3092B8E1BAD00FEAAAD /* ViewModifier.swift in Sources */ = {isa = PBXBuildFile; fileRef = 65EAD3082B8E1BAD00FEAAAD /* ViewModifier.swift */; };
/* End PBXBuildFile section */

/* Begin PBXFileReference section */
		6501F2F22B9A381300A1469B /* OnChangeModifier.swift */ = {isa = PBXFileReference; lastKnownFileType = sourcecode.swift; path = OnChangeModifier.swift; sourceTree = "<group>"; };
		6501F2F42B9A440D00A1469B /* OnReceiveModifier.swift */ = {isa = PBXFileReference; fileEncoding = 4; lastKnownFileType = sourcecode.swift; path = OnReceiveModifier.swift; sourceTree = "<group>"; };
		6501F2F62B9AA24800A1469B /* OnSubmitModifier.swift */ = {isa = PBXFileReference; fileEncoding = 4; lastKnownFileType = sourcecode.swift; path = OnSubmitModifier.swift; sourceTree = "<group>"; };
		6501F2F92B9ABA3400A1469B /* AppStorage.swift */ = {isa = PBXFileReference; lastKnownFileType = sourcecode.swift; path = AppStorage.swift; sourceTree = "<group>"; };
		6501F2FC2B9B7F2700A1469B /* SceneStorage.swift */ = {isa = PBXFileReference; lastKnownFileType = sourcecode.swift; path = SceneStorage.swift; sourceTree = "<group>"; };
		6541059C2B7C148600F87683 /* State.swift */ = {isa = PBXFileReference; lastKnownFileType = sourcecode.swift; path = State.swift; sourceTree = "<group>"; };
		654105B82B7DA7EE00F87683 /* CounterView.swift */ = {isa = PBXFileReference; lastKnownFileType = sourcecode.swift; path = CounterView.swift; sourceTree = "<group>"; };
		654105BA2B7EB4B100F87683 /* ResultBuilderExample.swift */ = {isa = PBXFileReference; fileEncoding = 4; lastKnownFileType = sourcecode.swift; path = ResultBuilderExample.swift; sourceTree = "<group>"; };
		655101682B6FD98B0097C093 /* SwiftUI_Bootcamp.app */ = {isa = PBXFileReference; explicitFileType = wrapper.application; includeInIndex = 0; path = SwiftUI_Bootcamp.app; sourceTree = BUILT_PRODUCTS_DIR; };
		6551016B2B6FD98B0097C093 /* SwiftUI_BootcampApp.swift */ = {isa = PBXFileReference; lastKnownFileType = sourcecode.swift; path = SwiftUI_BootcampApp.swift; sourceTree = "<group>"; };
		6551016D2B6FD98B0097C093 /* ContentView.swift */ = {isa = PBXFileReference; lastKnownFileType = sourcecode.swift; path = ContentView.swift; sourceTree = "<group>"; };
		6551016F2B6FD98F0097C093 /* Assets.xcassets */ = {isa = PBXFileReference; lastKnownFileType = folder.assetcatalog; path = Assets.xcassets; sourceTree = "<group>"; };
		655101712B6FD98F0097C093 /* SwiftUI_Bootcamp.entitlements */ = {isa = PBXFileReference; lastKnownFileType = text.plist.entitlements; path = SwiftUI_Bootcamp.entitlements; sourceTree = "<group>"; };
		655101732B6FD98F0097C093 /* Preview Assets.xcassets */ = {isa = PBXFileReference; lastKnownFileType = folder.assetcatalog; path = "Preview Assets.xcassets"; sourceTree = "<group>"; };
		6551017C2B6FDB680097C093 /* Readme.md */ = {isa = PBXFileReference; lastKnownFileType = net.daringfireball.markdown; path = Readme.md; sourceTree = "<group>"; };
		6551017E2B6FE4490097C093 /* LogPropertyWrapper.swift */ = {isa = PBXFileReference; lastKnownFileType = sourcecode.swift; path = LogPropertyWrapper.swift; sourceTree = "<group>"; };
		657839382B8561A400D471AC /* ViewBuilder.swift */ = {isa = PBXFileReference; lastKnownFileType = sourcecode.swift; path = ViewBuilder.swift; sourceTree = "<group>"; };
		65A4C3EF2B97DC9900AC6F59 /* ViewBuilderUsage.swift */ = {isa = PBXFileReference; lastKnownFileType = sourcecode.swift; path = ViewBuilderUsage.swift; sourceTree = "<group>"; };
		65B3A1BA2B8A930C004406B3 /* DebuggingSwiftUIViews.swift */ = {isa = PBXFileReference; lastKnownFileType = sourcecode.swift; path = DebuggingSwiftUIViews.swift; sourceTree = "<group>"; };
		65B3A1C82B8BDF57004406B3 /* OpaqueType.swift */ = {isa = PBXFileReference; lastKnownFileType = sourcecode.swift; path = OpaqueType.swift; sourceTree = "<group>"; };
		65B3A1D12B8D2A4B004406B3 /* WhatsAView.swift */ = {isa = PBXFileReference; lastKnownFileType = sourcecode.swift; path = WhatsAView.swift; sourceTree = "<group>"; };
		65EAD3082B8E1BAD00FEAAAD /* ViewModifier.swift */ = {isa = PBXFileReference; lastKnownFileType = sourcecode.swift; path = ViewModifier.swift; sourceTree = "<group>"; };
/* End PBXFileReference section */

/* Begin PBXFrameworksBuildPhase section */
		655101652B6FD98B0097C093 /* Frameworks */ = {
			isa = PBXFrameworksBuildPhase;
			buildActionMask = 2147483647;
			files = (
			);
			runOnlyForDeploymentPostprocessing = 0;
		};
/* End PBXFrameworksBuildPhase section */

/* Begin PBXGroup section */
		6501F2F12B9A37FB00A1469B /* EventModifier */ = {
			isa = PBXGroup;
			children = (
				6501F2F22B9A381300A1469B /* OnChangeModifier.swift */,
				6501F2F62B9AA24800A1469B /* OnSubmitModifier.swift */,
				6501F2F42B9A440D00A1469B /* OnReceiveModifier.swift */,
			);
			path = EventModifier;
			sourceTree = "<group>";
		};
		6501F2F82B9ABA1600A1469B /* AppStorage */ = {
			isa = PBXGroup;
			children = (
				6501F2F92B9ABA3400A1469B /* AppStorage.swift */,
			);
			path = AppStorage;
			sourceTree = "<group>";
		};
		6501F2FB2B9B7F0F00A1469B /* SceneStorage */ = {
			isa = PBXGroup;
			children = (
				6501F2FC2B9B7F2700A1469B /* SceneStorage.swift */,
			);
			path = SceneStorage;
			sourceTree = "<group>";
		};
		6551015F2B6FD98B0097C093 = {
			isa = PBXGroup;
			children = (
				6551016A2B6FD98B0097C093 /* SwiftUI_Bootcamp */,
				655101692B6FD98B0097C093 /* Products */,
			);
			sourceTree = "<group>";
		};
		655101692B6FD98B0097C093 /* Products */ = {
			isa = PBXGroup;
			children = (
				655101682B6FD98B0097C093 /* SwiftUI_Bootcamp.app */,
			);
			name = Products;
			sourceTree = "<group>";
		};
		6551016A2B6FD98B0097C093 /* SwiftUI_Bootcamp */ = {
			isa = PBXGroup;
			children = (
				6501F2FB2B9B7F0F00A1469B /* SceneStorage */,
				6501F2F82B9ABA1600A1469B /* AppStorage */,
				6501F2F12B9A37FB00A1469B /* EventModifier */,
				65EAD3072B8E1B9800FEAAAD /* ViewModifier */,
				65B3A1D02B8D2A30004406B3 /* View */,
				65B3A1CA2B8C35B5004406B3 /* DebuggingViews */,
				65B3A1C72B8BDF3E004406B3 /* OpaqueType */,
				657839372B85618600D471AC /* ViewBuilders */,
				657839362B8550DA00D471AC /* ResultBuilder */,
				6551017A2B6FDAE90097C093 /* propertyWrappers */,
				6551016B2B6FD98B0097C093 /* SwiftUI_BootcampApp.swift */,
				6551016D2B6FD98B0097C093 /* ContentView.swift */,
				6551016F2B6FD98F0097C093 /* Assets.xcassets */,
				655101712B6FD98F0097C093 /* SwiftUI_Bootcamp.entitlements */,
				655101722B6FD98F0097C093 /* Preview Content */,
				654105B82B7DA7EE00F87683 /* CounterView.swift */,
			);
			path = SwiftUI_Bootcamp;
			sourceTree = "<group>";
		};
		655101722B6FD98F0097C093 /* Preview Content */ = {
			isa = PBXGroup;
			children = (
				655101732B6FD98F0097C093 /* Preview Assets.xcassets */,
			);
			path = "Preview Content";
			sourceTree = "<group>";
		};
		6551017A2B6FDAE90097C093 /* propertyWrappers */ = {
			isa = PBXGroup;
			children = (
				6551017C2B6FDB680097C093 /* Readme.md */,
				6551017E2B6FE4490097C093 /* LogPropertyWrapper.swift */,
				6541059C2B7C148600F87683 /* State.swift */,
			);
			path = propertyWrappers;
			sourceTree = "<group>";
		};
		657839362B8550DA00D471AC /* ResultBuilder */ = {
			isa = PBXGroup;
			children = (
				654105BA2B7EB4B100F87683 /* ResultBuilderExample.swift */,
			);
			path = ResultBuilder;
			sourceTree = "<group>";
		};
		657839372B85618600D471AC /* ViewBuilders */ = {
			isa = PBXGroup;
			children = (
				657839382B8561A400D471AC /* ViewBuilder.swift */,
				65A4C3EF2B97DC9900AC6F59 /* ViewBuilderUsage.swift */,
			);
			path = ViewBuilders;
			sourceTree = "<group>";
		};
		65B3A1C72B8BDF3E004406B3 /* OpaqueType */ = {
			isa = PBXGroup;
			children = (
				65B3A1C82B8BDF57004406B3 /* OpaqueType.swift */,
			);
			path = OpaqueType;
			sourceTree = "<group>";
		};
		65B3A1CA2B8C35B5004406B3 /* DebuggingViews */ = {
			isa = PBXGroup;
			children = (
				65B3A1BA2B8A930C004406B3 /* DebuggingSwiftUIViews.swift */,
			);
			path = DebuggingViews;
			sourceTree = "<group>";
		};
		65B3A1D02B8D2A30004406B3 /* View */ = {
			isa = PBXGroup;
			children = (
				65B3A1D12B8D2A4B004406B3 /* WhatsAView.swift */,
			);
			path = View;
			sourceTree = "<group>";
		};
		65EAD3072B8E1B9800FEAAAD /* ViewModifier */ = {
			isa = PBXGroup;
			children = (
				65EAD3082B8E1BAD00FEAAAD /* ViewModifier.swift */,
			);
			path = ViewModifier;
			sourceTree = "<group>";
		};
/* End PBXGroup section */

/* Begin PBXNativeTarget section */
		655101672B6FD98B0097C093 /* SwiftUI_Bootcamp */ = {
			isa = PBXNativeTarget;
			buildConfigurationList = 655101772B6FD98F0097C093 /* Build configuration list for PBXNativeTarget "SwiftUI_Bootcamp" */;
			buildPhases = (
				655101642B6FD98B0097C093 /* Sources */,
				655101652B6FD98B0097C093 /* Frameworks */,
				655101662B6FD98B0097C093 /* Resources */,
			);
			buildRules = (
			);
			dependencies = (
			);
			name = SwiftUI_Bootcamp;
			productName = SwiftUI_Bootcamp;
			productReference = 655101682B6FD98B0097C093 /* SwiftUI_Bootcamp.app */;
			productType = "com.apple.product-type.application";
		};
/* End PBXNativeTarget section */

/* Begin PBXProject section */
		655101602B6FD98B0097C093 /* Project object */ = {
			isa = PBXProject;
			attributes = {
				BuildIndependentTargetsInParallel = 1;
				LastSwiftUpdateCheck = 1520;
				LastUpgradeCheck = 1520;
				TargetAttributes = {
					655101672B6FD98B0097C093 = {
						CreatedOnToolsVersion = 15.2;
					};
				};
			};
			buildConfigurationList = 655101632B6FD98B0097C093 /* Build configuration list for PBXProject "SwiftUI_Bootcamp" */;
			compatibilityVersion = "Xcode 14.0";
			developmentRegion = en;
			hasScannedForEncodings = 0;
			knownRegions = (
				en,
				Base,
			);
			mainGroup = 6551015F2B6FD98B0097C093;
			productRefGroup = 655101692B6FD98B0097C093 /* Products */;
			projectDirPath = "";
			projectRoot = "";
			targets = (
				655101672B6FD98B0097C093 /* SwiftUI_Bootcamp */,
			);
		};
/* End PBXProject section */

/* Begin PBXResourcesBuildPhase section */
		655101662B6FD98B0097C093 /* Resources */ = {
			isa = PBXResourcesBuildPhase;
			buildActionMask = 2147483647;
			files = (
				655101742B6FD98F0097C093 /* Preview Assets.xcassets in Resources */,
				655101702B6FD98F0097C093 /* Assets.xcassets in Resources */,
				6551017D2B6FDB680097C093 /* Readme.md in Resources */,
			);
			runOnlyForDeploymentPostprocessing = 0;
		};
/* End PBXResourcesBuildPhase section */

/* Begin PBXSourcesBuildPhase section */
		655101642B6FD98B0097C093 /* Sources */ = {
			isa = PBXSourcesBuildPhase;
			buildActionMask = 2147483647;
			files = (
				65A4C3F02B97DC9900AC6F59 /* ViewBuilderUsage.swift in Sources */,
				6501F2FD2B9B7F2700A1469B /* SceneStorage.swift in Sources */,
				6501F2FA2B9ABA3400A1469B /* AppStorage.swift in Sources */,
				6551017F2B6FE4490097C093 /* LogPropertyWrapper.swift in Sources */,
				65B3A1C92B8BDF57004406B3 /* OpaqueType.swift in Sources */,
				6551016E2B6FD98B0097C093 /* ContentView.swift in Sources */,
				6551016C2B6FD98B0097C093 /* SwiftUI_BootcampApp.swift in Sources */,
				65B3A1BB2B8A930D004406B3 /* DebuggingSwiftUIViews.swift in Sources */,
				654105BB2B7EB4B200F87683 /* ResultBuilderExample.swift in Sources */,
				65B3A1D22B8D2A4B004406B3 /* WhatsAView.swift in Sources */,
				6541059D2B7C148600F87683 /* State.swift in Sources */,
				654105B92B7DA7EE00F87683 /* CounterView.swift in Sources */,
				65EAD3092B8E1BAD00FEAAAD /* ViewModifier.swift in Sources */,
				6501F2F52B9A440D00A1469B /* OnReceiveModifier.swift in Sources */,
				6501F2F72B9AA24800A1469B /* OnSubmitModifier.swift in Sources */,
				6501F2F32B9A381300A1469B /* OnChangeModifier.swift in Sources */,
				657839392B8561A400D471AC /* ViewBuilder.swift in Sources */,
			);
			runOnlyForDeploymentPostprocessing = 0;
		};
/* End PBXSourcesBuildPhase section */

/* Begin XCBuildConfiguration section */
		655101752B6FD98F0097C093 /* Debug */ = {
			isa = XCBuildConfiguration;
			buildSettings = {
				ALWAYS_SEARCH_USER_PATHS = NO;
				ASSETCATALOG_COMPILER_GENERATE_SWIFT_ASSET_SYMBOL_EXTENSIONS = YES;
				CLANG_ANALYZER_NONNULL = YES;
				CLANG_ANALYZER_NUMBER_OBJECT_CONVERSION = YES_AGGRESSIVE;
				CLANG_CXX_LANGUAGE_STANDARD = "gnu++20";
				CLANG_ENABLE_MODULES = YES;
				CLANG_ENABLE_OBJC_ARC = YES;
				CLANG_ENABLE_OBJC_WEAK = YES;
				CLANG_WARN_BLOCK_CAPTURE_AUTORELEASING = YES;
				CLANG_WARN_BOOL_CONVERSION = YES;
				CLANG_WARN_COMMA = YES;
				CLANG_WARN_CONSTANT_CONVERSION = YES;
				CLANG_WARN_DEPRECATED_OBJC_IMPLEMENTATIONS = YES;
				CLANG_WARN_DIRECT_OBJC_ISA_USAGE = YES_ERROR;
				CLANG_WARN_DOCUMENTATION_COMMENTS = YES;
				CLANG_WARN_EMPTY_BODY = YES;
				CLANG_WARN_ENUM_CONVERSION = YES;
				CLANG_WARN_INFINITE_RECURSION = YES;
				CLANG_WARN_INT_CONVERSION = YES;
				CLANG_WARN_NON_LITERAL_NULL_CONVERSION = YES;
				CLANG_WARN_OBJC_IMPLICIT_RETAIN_SELF = YES;
				CLANG_WARN_OBJC_LITERAL_CONVERSION = YES;
				CLANG_WARN_OBJC_ROOT_CLASS = YES_ERROR;
				CLANG_WARN_QUOTED_INCLUDE_IN_FRAMEWORK_HEADER = YES;
				CLANG_WARN_RANGE_LOOP_ANALYSIS = YES;
				CLANG_WARN_STRICT_PROTOTYPES = YES;
				CLANG_WARN_SUSPICIOUS_MOVE = YES;
				CLANG_WARN_UNGUARDED_AVAILABILITY = YES_AGGRESSIVE;
				CLANG_WARN_UNREACHABLE_CODE = YES;
				CLANG_WARN__DUPLICATE_METHOD_MATCH = YES;
				COPY_PHASE_STRIP = NO;
				DEBUG_INFORMATION_FORMAT = dwarf;
				ENABLE_STRICT_OBJC_MSGSEND = YES;
				ENABLE_TESTABILITY = YES;
				ENABLE_USER_SCRIPT_SANDBOXING = YES;
				GCC_C_LANGUAGE_STANDARD = gnu17;
				GCC_DYNAMIC_NO_PIC = NO;
				GCC_NO_COMMON_BLOCKS = YES;
				GCC_OPTIMIZATION_LEVEL = 0;
				GCC_PREPROCESSOR_DEFINITIONS = (
					"DEBUG=1",
					"$(inherited)",
				);
				GCC_WARN_64_TO_32_BIT_CONVERSION = YES;
				GCC_WARN_ABOUT_RETURN_TYPE = YES_ERROR;
				GCC_WARN_UNDECLARED_SELECTOR = YES;
				GCC_WARN_UNINITIALIZED_AUTOS = YES_AGGRESSIVE;
				GCC_WARN_UNUSED_FUNCTION = YES;
				GCC_WARN_UNUSED_VARIABLE = YES;
				LOCALIZATION_PREFERS_STRING_CATALOGS = YES;
				MTL_ENABLE_DEBUG_INFO = INCLUDE_SOURCE;
				MTL_FAST_MATH = YES;
				ONLY_ACTIVE_ARCH = YES;
				SWIFT_ACTIVE_COMPILATION_CONDITIONS = "DEBUG $(inherited)";
				SWIFT_OPTIMIZATION_LEVEL = "-Onone";
			};
			name = Debug;
		};
		655101762B6FD98F0097C093 /* Release */ = {
			isa = XCBuildConfiguration;
			buildSettings = {
				ALWAYS_SEARCH_USER_PATHS = NO;
				ASSETCATALOG_COMPILER_GENERATE_SWIFT_ASSET_SYMBOL_EXTENSIONS = YES;
				CLANG_ANALYZER_NONNULL = YES;
				CLANG_ANALYZER_NUMBER_OBJECT_CONVERSION = YES_AGGRESSIVE;
				CLANG_CXX_LANGUAGE_STANDARD = "gnu++20";
				CLANG_ENABLE_MODULES = YES;
				CLANG_ENABLE_OBJC_ARC = YES;
				CLANG_ENABLE_OBJC_WEAK = YES;
				CLANG_WARN_BLOCK_CAPTURE_AUTORELEASING = YES;
				CLANG_WARN_BOOL_CONVERSION = YES;
				CLANG_WARN_COMMA = YES;
				CLANG_WARN_CONSTANT_CONVERSION = YES;
				CLANG_WARN_DEPRECATED_OBJC_IMPLEMENTATIONS = YES;
				CLANG_WARN_DIRECT_OBJC_ISA_USAGE = YES_ERROR;
				CLANG_WARN_DOCUMENTATION_COMMENTS = YES;
				CLANG_WARN_EMPTY_BODY = YES;
				CLANG_WARN_ENUM_CONVERSION = YES;
				CLANG_WARN_INFINITE_RECURSION = YES;
				CLANG_WARN_INT_CONVERSION = YES;
				CLANG_WARN_NON_LITERAL_NULL_CONVERSION = YES;
				CLANG_WARN_OBJC_IMPLICIT_RETAIN_SELF = YES;
				CLANG_WARN_OBJC_LITERAL_CONVERSION = YES;
				CLANG_WARN_OBJC_ROOT_CLASS = YES_ERROR;
				CLANG_WARN_QUOTED_INCLUDE_IN_FRAMEWORK_HEADER = YES;
				CLANG_WARN_RANGE_LOOP_ANALYSIS = YES;
				CLANG_WARN_STRICT_PROTOTYPES = YES;
				CLANG_WARN_SUSPICIOUS_MOVE = YES;
				CLANG_WARN_UNGUARDED_AVAILABILITY = YES_AGGRESSIVE;
				CLANG_WARN_UNREACHABLE_CODE = YES;
				CLANG_WARN__DUPLICATE_METHOD_MATCH = YES;
				COPY_PHASE_STRIP = NO;
				DEBUG_INFORMATION_FORMAT = "dwarf-with-dsym";
				ENABLE_NS_ASSERTIONS = NO;
				ENABLE_STRICT_OBJC_MSGSEND = YES;
				ENABLE_USER_SCRIPT_SANDBOXING = YES;
				GCC_C_LANGUAGE_STANDARD = gnu17;
				GCC_NO_COMMON_BLOCKS = YES;
				GCC_WARN_64_TO_32_BIT_CONVERSION = YES;
				GCC_WARN_ABOUT_RETURN_TYPE = YES_ERROR;
				GCC_WARN_UNDECLARED_SELECTOR = YES;
				GCC_WARN_UNINITIALIZED_AUTOS = YES_AGGRESSIVE;
				GCC_WARN_UNUSED_FUNCTION = YES;
				GCC_WARN_UNUSED_VARIABLE = YES;
				LOCALIZATION_PREFERS_STRING_CATALOGS = YES;
				MTL_ENABLE_DEBUG_INFO = NO;
				MTL_FAST_MATH = YES;
				SWIFT_COMPILATION_MODE = wholemodule;
			};
			name = Release;
		};
		655101782B6FD98F0097C093 /* Debug */ = {
			isa = XCBuildConfiguration;
			buildSettings = {
				ASSETCATALOG_COMPILER_APPICON_NAME = AppIcon;
				ASSETCATALOG_COMPILER_GLOBAL_ACCENT_COLOR_NAME = AccentColor;
				CODE_SIGN_ENTITLEMENTS = SwiftUI_Bootcamp/SwiftUI_Bootcamp.entitlements;
				CODE_SIGN_STYLE = Automatic;
				CURRENT_PROJECT_VERSION = 1;
				DEVELOPMENT_ASSET_PATHS = "\"SwiftUI_Bootcamp/Preview Content\"";
				DEVELOPMENT_TEAM = ADTR2923N7;
				ENABLE_HARDENED_RUNTIME = YES;
				ENABLE_PREVIEWS = YES;
				GENERATE_INFOPLIST_FILE = YES;
				INFOPLIST_KEY_CFBundleDisplayName = swiftui_bootcamp;
				"INFOPLIST_KEY_UIApplicationSceneManifest_Generation[sdk=iphoneos*]" = YES;
				"INFOPLIST_KEY_UIApplicationSceneManifest_Generation[sdk=iphonesimulator*]" = YES;
				"INFOPLIST_KEY_UIApplicationSupportsIndirectInputEvents[sdk=iphoneos*]" = YES;
				"INFOPLIST_KEY_UIApplicationSupportsIndirectInputEvents[sdk=iphonesimulator*]" = YES;
				"INFOPLIST_KEY_UILaunchScreen_Generation[sdk=iphoneos*]" = YES;
				"INFOPLIST_KEY_UILaunchScreen_Generation[sdk=iphonesimulator*]" = YES;
				"INFOPLIST_KEY_UIStatusBarStyle[sdk=iphoneos*]" = UIStatusBarStyleDefault;
				"INFOPLIST_KEY_UIStatusBarStyle[sdk=iphonesimulator*]" = UIStatusBarStyleDefault;
				INFOPLIST_KEY_UISupportedInterfaceOrientations_iPad = "UIInterfaceOrientationPortrait UIInterfaceOrientationPortraitUpsideDown UIInterfaceOrientationLandscapeLeft UIInterfaceOrientationLandscapeRight";
				INFOPLIST_KEY_UISupportedInterfaceOrientations_iPhone = "UIInterfaceOrientationPortrait UIInterfaceOrientationLandscapeLeft UIInterfaceOrientationLandscapeRight";
				IPHONEOS_DEPLOYMENT_TARGET = 17.2;
				LD_RUNPATH_SEARCH_PATHS = "@executable_path/Frameworks";
				"LD_RUNPATH_SEARCH_PATHS[sdk=macosx*]" = "@executable_path/../Frameworks";
				MACOSX_DEPLOYMENT_TARGET = 14.2;
				MARKETING_VERSION = 1.0;
				PRODUCT_BUNDLE_IDENTIFIER = "abdul.SwiftUI-Bootcamp";
				PRODUCT_NAME = "$(TARGET_NAME)";
				SDKROOT = auto;
				SUPPORTED_PLATFORMS = "iphoneos iphonesimulator macosx";
				SWIFT_EMIT_LOC_STRINGS = YES;
				SWIFT_VERSION = 5.0;
				TARGETED_DEVICE_FAMILY = "1,2";
			};
			name = Debug;
		};
		655101792B6FD98F0097C093 /* Release */ = {
			isa = XCBuildConfiguration;
			buildSettings = {
				ASSETCATALOG_COMPILER_APPICON_NAME = AppIcon;
				ASSETCATALOG_COMPILER_GLOBAL_ACCENT_COLOR_NAME = AccentColor;
				CODE_SIGN_ENTITLEMENTS = SwiftUI_Bootcamp/SwiftUI_Bootcamp.entitlements;
				CODE_SIGN_STYLE = Automatic;
				CURRENT_PROJECT_VERSION = 1;
				DEVELOPMENT_ASSET_PATHS = "\"SwiftUI_Bootcamp/Preview Content\"";
				DEVELOPMENT_TEAM = ADTR2923N7;
				ENABLE_HARDENED_RUNTIME = YES;
				ENABLE_PREVIEWS = YES;
				GENERATE_INFOPLIST_FILE = YES;
				INFOPLIST_KEY_CFBundleDisplayName = swiftui_bootcamp;
				"INFOPLIST_KEY_UIApplicationSceneManifest_Generation[sdk=iphoneos*]" = YES;
				"INFOPLIST_KEY_UIApplicationSceneManifest_Generation[sdk=iphonesimulator*]" = YES;
				"INFOPLIST_KEY_UIApplicationSupportsIndirectInputEvents[sdk=iphoneos*]" = YES;
				"INFOPLIST_KEY_UIApplicationSupportsIndirectInputEvents[sdk=iphonesimulator*]" = YES;
				"INFOPLIST_KEY_UILaunchScreen_Generation[sdk=iphoneos*]" = YES;
				"INFOPLIST_KEY_UILaunchScreen_Generation[sdk=iphonesimulator*]" = YES;
				"INFOPLIST_KEY_UIStatusBarStyle[sdk=iphoneos*]" = UIStatusBarStyleDefault;
				"INFOPLIST_KEY_UIStatusBarStyle[sdk=iphonesimulator*]" = UIStatusBarStyleDefault;
				INFOPLIST_KEY_UISupportedInterfaceOrientations_iPad = "UIInterfaceOrientationPortrait UIInterfaceOrientationPortraitUpsideDown UIInterfaceOrientationLandscapeLeft UIInterfaceOrientationLandscapeRight";
				INFOPLIST_KEY_UISupportedInterfaceOrientations_iPhone = "UIInterfaceOrientationPortrait UIInterfaceOrientationLandscapeLeft UIInterfaceOrientationLandscapeRight";
				IPHONEOS_DEPLOYMENT_TARGET = 17.2;
				LD_RUNPATH_SEARCH_PATHS = "@executable_path/Frameworks";
				"LD_RUNPATH_SEARCH_PATHS[sdk=macosx*]" = "@executable_path/../Frameworks";
				MACOSX_DEPLOYMENT_TARGET = 14.2;
				MARKETING_VERSION = 1.0;
				PRODUCT_BUNDLE_IDENTIFIER = "abdul.SwiftUI-Bootcamp";
				PRODUCT_NAME = "$(TARGET_NAME)";
				SDKROOT = auto;
				SUPPORTED_PLATFORMS = "iphoneos iphonesimulator macosx";
				SWIFT_EMIT_LOC_STRINGS = YES;
				SWIFT_VERSION = 5.0;
				TARGETED_DEVICE_FAMILY = "1,2";
			};
			name = Release;
		};
/* End XCBuildConfiguration section */

/* Begin XCConfigurationList section */
		655101632B6FD98B0097C093 /* Build configuration list for PBXProject "SwiftUI_Bootcamp" */ = {
			isa = XCConfigurationList;
			buildConfigurations = (
				655101752B6FD98F0097C093 /* Debug */,
				655101762B6FD98F0097C093 /* Release */,
			);
			defaultConfigurationIsVisible = 0;
			defaultConfigurationName = Release;
		};
		655101772B6FD98F0097C093 /* Build configuration list for PBXNativeTarget "SwiftUI_Bootcamp" */ = {
			isa = XCConfigurationList;
			buildConfigurations = (
				655101782B6FD98F0097C093 /* Debug */,
				655101792B6FD98F0097C093 /* Release */,
			);
			defaultConfigurationIsVisible = 0;
			defaultConfigurationName = Release;
		};
/* End XCConfigurationList section */
	};
	rootObject = 655101602B6FD98B0097C093 /* Project object */;
}
